
Microsoft Visual Studio Solution File, Format Version 12.00
# Visual Studio Version 17
VisualStudioVersion = 17.12.35514.174 d17.12
MinimumVisualStudioVersion = 10.0.40219.1
Project("{F184B08F-C81C-45F6-A57F-5ABD9991F28F}") = "CARD4", "CARD4\CARD4.vbproj", "{8EFA7B4F-D3C1-4263-B669-68B7D9D7FB07}"
EndProject
Project("{2150E333-8FDC-42A3-9474-1A3956D46DE8}") = "Solution Items", "Solution Items", "{F13C447F-0E65-45A3-9CC2-0645947180AB}"
	ProjectSection(SolutionItems) = preProject
		INDEX.html = INDEX.html
	EndProjectSection
EndProject
Global
	GlobalSection(SolutionConfigurationPlatforms) = preSolution
		Debug|Any CPU = Debug|Any CPU
		Release|Any CPU = Release|Any CPU
	EndGlobalSection
	GlobalSection(ProjectConfigurationPlatforms) = postSolution
		{8EFA7B4F-D3C1-4263-B669-68B7D9D7FB07}.Debug|Any CPU.ActiveCfg = Debug|Any CPU
		{8EFA7B4F-D3C1-4263-B669-68B7D9D7FB07}.Debug|Any CPU.Build.0 = Debug|Any CPU
		{8EFA7B4F-D3C1-4263-B669-68B7D9D7FB07}.Release|Any CPU.ActiveCfg = Release|Any CPU
		{8EFA7B4F-D3C1-4263-B669-68B7D9D7FB07}.Release|Any CPU.Build.0 = Release|Any CPU
	EndGlobalSection
	GlobalSection(SolutionProperties) = preSolution
		HideSolutionNode = FALSE
	EndGlobalSection
EndGlobal
